// !$*UTF8*$!
{
	archiveVersion = 1;
	classes = {
	};
	objectVersion = 48;
	objects = {

/* Begin PBXBuildFile section */
		45244561202D71A0000004C4 /* AppDelegate.m in Sources */ = {isa = PBXBuildFile; fileRef = 45244560202D71A0000004C4 /* AppDelegate.m */; };
		45244564202D71A0000004C4 /* ViewController.m in Sources */ = {isa = PBXBuildFile; fileRef = 45244563202D71A0000004C4 /* ViewController.m */; };
		45244567202D71A0000004C4 /* Main.storyboard in Resources */ = {isa = PBXBuildFile; fileRef = 45244565202D71A0000004C4 /* Main.storyboard */; };
		45244569202D71A0000004C4 /* Assets.xcassets in Resources */ = {isa = PBXBuildFile; fileRef = 45244568202D71A0000004C4 /* Assets.xcassets */; };
		4524456C202D71A0000004C4 /* LaunchScreen.storyboard in Resources */ = {isa = PBXBuildFile; fileRef = 4524456A202D71A0000004C4 /* LaunchScreen.storyboard */; };
		4524456F202D71A0000004C4 /* main.m in Sources */ = {isa = PBXBuildFile; fileRef = 4524456E202D71A0000004C4 /* main.m */; };
		45244577202D71EE000004C4 /* UITableView+IndexPan.m in Sources */ = {isa = PBXBuildFile; fileRef = 45244576202D71EE000004C4 /* UITableView+IndexPan.m */; };
/* End PBXBuildFile section */

/* Begin PBXFileReference section */
		4524455C202D71A0000004C4 /* TableViewSectionIndexChangeCallback.app */ = {isa = PBXFileReference; explicitFileType = wrapper.application; includeInIndex = 0; path = TableViewSectionIndexChangeCallback.app; sourceTree = BUILT_PRODUCTS_DIR; };
		4524455F202D71A0000004C4 /* AppDelegate.h */ = {isa = PBXFileReference; lastKnownFileType = sourcecode.c.h; path = AppDelegate.h; sourceTree = "<group>"; };
		45244560202D71A0000004C4 /* AppDelegate.m */ = {isa = PBXFileReference; lastKnownFileType = sourcecode.c.objc; path = AppDelegate.m; sourceTree = "<group>"; };
		45244562202D71A0000004C4 /* ViewController.h */ = {isa = PBXFileReference; lastKnownFileType = sourcecode.c.h; path = ViewController.h; sourceTree = "<group>"; };
		45244563202D71A0000004C4 /* ViewController.m */ = {isa = PBXFileReference; lastKnownFileType = sourcecode.c.objc; path = ViewController.m; sourceTree = "<group>"; };
		45244566202D71A0000004C4 /* Base */ = {isa = PBXFileReference; lastKnownFileType = file.storyboard; name = Base; path = Base.lproj/Main.storyboard; sourceTree = "<group>"; };
		45244568202D71A0000004C4 /* Assets.xcassets */ = {isa = PBXFileReference; lastKnownFileType = folder.assetcatalog; path = Assets.xcassets; sourceTree = "<group>"; };
		4524456B202D71A0000004C4 /* Base */ = {isa = PBXFileReference; lastKnownFileType = file.storyboard; name = Base; path = Base.lproj/LaunchScreen.storyboard; sourceTree = "<group>"; };
		4524456D202D71A0000004C4 /* Info.plist */ = {isa = PBXFileReference; lastKnownFileType = text.plist.xml; path = Info.plist; sourceTree = "<group>"; };
		4524456E202D71A0000004C4 /* main.m */ = {isa = PBXFileReference; lastKnownFileType = sourcecode.c.objc; path = main.m; sourceTree = "<group>"; };
		45244575202D71EE000004C4 /* UITableView+IndexPan.h */ = {isa = PBXFileReference; fileEncoding = 4; lastKnownFileType = sourcecode.c.h; path = "UITableView+IndexPan.h"; sourceTree = "<group>"; };
		45244576202D71EE000004C4 /* UITableView+IndexPan.m */ = {isa = PBXFileReference; fileEncoding = 4; lastKnownFileType = sourcecode.c.objc; path = "UITableView+IndexPan.m"; sourceTree = "<group>"; };
/* End PBXFileReference section */

/* Begin PBXFrameworksBuildPhase section */
		45244559202D71A0000004C4 /* Frameworks */ = {
			isa = PBXFrameworksBuildPhase;
			buildActionMask = 2147483647;
			files = (
			);
			runOnlyForDeploymentPostprocessing = 0;
		};
/* End PBXFrameworksBuildPhase section */

/* Begin PBXGroup section */
		45244553202D71A0000004C4 = {
			isa = PBXGroup;
			children = (
				4524455E202D71A0000004C4 /* TableViewSectionIndexChangeCallback */,
				4524455D202D71A0000004C4 /* Products */,
			);
			sourceTree = "<group>";
		};
		4524455D202D71A0000004C4 /* Products */ = {
			isa = PBXGroup;
			children = (
				4524455C202D71A0000004C4 /* TableViewSectionIndexChangeCallback.app */,
			);
			name = Products;
			sourceTree = "<group>";
		};
		4524455E202D71A0000004C4 /* TableViewSectionIndexChangeCallback */ = {
			isa = PBXGroup;
			children = (
				45244575202D71EE000004C4 /* UITableView+IndexPan.h */,
				45244576202D71EE000004C4 /* UITableView+IndexPan.m */,
				4524455F202D71A0000004C4 /* AppDelegate.h */,
				45244560202D71A0000004C4 /* AppDelegate.m */,
				45244562202D71A0000004C4 /* ViewController.h */,
				45244563202D71A0000004C4 /* ViewController.m */,
				45244565202D71A0000004C4 /* Main.storyboard */,
				45244568202D71A0000004C4 /* Assets.xcassets */,
				4524456A202D71A0000004C4 /* LaunchScreen.storyboard */,
				4524456D202D71A0000004C4 /* Info.plist */,
				4524456E202D71A0000004C4 /* main.m */,
			);
			path = TableViewSectionIndexChangeCallback;
			sourceTree = "<group>";
		};
/* End PBXGroup section */

/* Begin PBXNativeTarget section */
		4524455B202D71A0000004C4 /* TableViewSectionIndexChangeCallback */ = {
			isa = PBXNativeTarget;
			buildConfigurationList = 45244572202D71A0000004C4 /* Build configuration list for PBXNativeTarget "TableViewSectionIndexChangeCallback" */;
			buildPhases = (
				45244558202D71A0000004C4 /* Sources */,
				45244559202D71A0000004C4 /* Frameworks */,
				4524455A202D71A0000004C4 /* Resources */,
			);
			buildRules = (
			);
			dependencies = (
			);
			name = TableViewSectionIndexChangeCallback;
			productName = TableViewSectionIndexChangeCallback;
			productReference = 4524455C202D71A0000004C4 /* TableViewSectionIndexChangeCallback.app */;
			productType = "com.apple.product-type.application";
		};
/* End PBXNativeTarget section */

/* Begin PBXProject section */
		45244554202D71A0000004C4 /* Project object */ = {
			isa = PBXProject;
			attributes = {
				LastUpgradeCheck = 0910;
				ORGANIZATIONNAME = pcbdoor.com;
				TargetAttributes = {
					4524455B202D71A0000004C4 = {
						CreatedOnToolsVersion = 9.1;
						ProvisioningStyle = Automatic;
					};
				};
			};
			buildConfigurationList = 45244557202D71A0000004C4 /* Build configuration list for PBXProject "TableViewSectionIndexChangeCallback" */;
			compatibilityVersion = "Xcode 8.0";
			developmentRegion = en;
			hasScannedForEncodings = 0;
			knownRegions = (
				en,
				Base,
			);
			mainGroup = 45244553202D71A0000004C4;
			productRefGroup = 4524455D202D71A0000004C4 /* Products */;
			projectDirPath = "";
			projectRoot = "";
			targets = (
				4524455B202D71A0000004C4 /* TableViewSectionIndexChangeCallback */,
			);
		};
/* End PBXProject section */

/* Begin PBXResourcesBuildPhase section */
		4524455A202D71A0000004C4 /* Resources */ = {
			isa = PBXResourcesBuildPhase;
			buildActionMask = 2147483647;
			files = (
				4524456C202D71A0000004C4 /* LaunchScreen.storyboard in Resources */,
				45244569202D71A0000004C4 /* Assets.xcassets in Resources */,
				45244567202D71A0000004C4 /* Main.storyboard in Resources */,
			);
			runOnlyForDeploymentPostprocessing = 0;
		};
/* End PBXResourcesBuildPhase section */

/* Begin PBXSourcesBuildPhase section */
		45244558202D71A0000004C4 /* Sources */ = {
			isa = PBXSourcesBuildPhase;
			buildActionMask = 2147483647;
			files = (
				45244577202D71EE000004C4 /* UITableView+IndexPan.m in Sources */,
				45244564202D71A0000004C4 /* ViewController.m in Sources */,
				4524456F202D71A0000004C4 /* main.m in Sources */,
				45244561202D71A0000004C4 /* AppDelegate.m in Sources */,
			);
			runOnlyForDeploymentPostprocessing = 0;
		};
/* End PBXSourcesBuildPhase section */

/* Begin PBXVariantGroup section */
		45244565202D71A0000004C4 /* Main.storyboard */ = {
			isa = PBXVariantGroup;
			children = (
				45244566202D71A0000004C4 /* Base */,
			);
			name = Main.storyboard;
			sourceTree = "<group>";
		};
		4524456A202D71A0000004C4 /* LaunchScreen.storyboard */ = {
			isa = PBXVariantGroup;
			children = (
				4524456B202D71A0000004C4 /* Base */,
			);
			name = LaunchScreen.storyboard;
			sourceTree = "<group>";
		};
/* End PBXVariantGroup section */

/* Begin XCBuildConfiguration section */
		45244570202D71A0000004C4 /* Debug */ = {
			isa = XCBuildConfiguration;
			buildSettings = {
				ALWAYS_SEARCH_USER_PATHS = NO;
				CLANG_ANALYZER_NONNULL = YES;
				CLANG_ANALYZER_NUMBER_OBJECT_CONVERSION = YES_AGGRESSIVE;
				CLANG_CXX_LANGUAGE_STANDARD = "gnu++14";
				CLANG_CXX_LIBRARY = "libc++";
				CLANG_ENABLE_MODULES = YES;
				CLANG_ENABLE_OBJC_ARC = YES;
				CLANG_WARN_BLOCK_CAPTURE_AUTORELEASING = YES;
				CLANG_WARN_BOOL_CONVERSION = YES;
				CLANG_WARN_COMMA = YES;
				CLANG_WARN_CONSTANT_CONVERSION = YES;
				CLANG_WARN_DIRECT_OBJC_ISA_USAGE = YES_ERROR;
				CLANG_WARN_DOCUMENTATION_COMMENTS = YES;
				CLANG_WARN_EMPTY_BODY = YES;
				CLANG_WARN_ENUM_CONVERSION = YES;
				CLANG_WARN_INFINITE_RECURSION = YES;
				CLANG_WARN_INT_CONVERSION = YES;
				CLANG_WARN_NON_LITERAL_NULL_CONVERSION = YES;
				CLANG_WARN_OBJC_LITERAL_CONVERSION = YES;
				CLANG_WARN_OBJC_ROOT_CLASS = YES_ERROR;
				CLANG_WARN_RANGE_LOOP_ANALYSIS = YES;
				CLANG_WARN_STRICT_PROTOTYPES = YES;
				CLANG_WARN_SUSPICIOUS_MOVE = YES;
				CLANG_WARN_UNGUARDED_AVAILABILITY = YES_AGGRESSIVE;
				CLANG_WARN_UNREACHABLE_CODE = YES;
				CLANG_WARN__DUPLICATE_METHOD_MATCH = YES;
				CODE_SIGN_IDENTITY = "iPhone Developer";
				COPY_PHASE_STRIP = NO;
				DEBUG_INFORMATION_FORMAT = dwarf;
				ENABLE_STRICT_OBJC_MSGSEND = YES;
				ENABLE_TESTABILITY = YES;
				GCC_C_LANGUAGE_STANDARD = gnu11;
				GCC_DYNAMIC_NO_PIC = NO;
				GCC_NO_COMMON_BLOCKS = YES;
				GCC_OPTIMIZATION_LEVEL = 0;
				GCC_PREPROCESSOR_DEFINITIONS = (
					"DEBUG=1",
					"$(inherited)",
				);
				GCC_WARN_64_TO_32_BIT_CONVERSION = YES;
				GCC_WARN_ABOUT_RETURN_TYPE = YES_ERROR;
				GCC_WARN_UNDECLARED_SELECTOR = YES;
				GCC_WARN_UNINITIALIZED_AUTOS = YES_AGGRESSIVE;
				GCC_WARN_UNUSED_FUNCTION = YES;
				GCC_WARN_UNUSED_VARIABLE = YES;
				IPHONEOS_DEPLOYMENT_TARGET = 11.1;
				MTL_ENABLE_DEBUG_INFO = YES;
				ONLY_ACTIVE_ARCH = YES;
				SDKROOT = iphoneos;
			};
			name = Debug;
		};
		45244571202D71A0000004C4 /* Release */ = {
			isa = XCBuildConfiguration;
			buildSettings = {
				ALWAYS_SEARCH_USER_PATHS = NO;
				CLANG_ANALYZER_NONNULL = YES;
				CLANG_ANALYZER_NUMBER_OBJECT_CONVERSION = YES_AGGRESSIVE;
				CLANG_CXX_LANGUAGE_STANDARD = "gnu++14";
				CLANG_CXX_LIBRARY = "libc++";
				CLANG_ENABLE_MODULES = YES;
				CLANG_ENABLE_OBJC_ARC = YES;
				CLANG_WARN_BLOCK_CAPTURE_AUTORELEASING = YES;
				CLANG_WARN_BOOL_CONVERSION = YES;
				CLANG_WARN_COMMA = YES;
				CLANG_WARN_CONSTANT_CONVERSION = YES;
				CLANG_WARN_DIRECT_OBJC_ISA_USAGE = YES_ERROR;
				CLANG_WARN_DOCUMENTATION_COMMENTS = YES;
				CLANG_WARN_EMPTY_BODY = YES;
				CLANG_WARN_ENUM_CONVERSION = YES;
				CLANG_WARN_INFINITE_RECURSION = YES;
				CLANG_WARN_INT_CONVERSION = YES;
				CLANG_WARN_NON_LITERAL_NULL_CONVERSION = YES;
				CLANG_WARN_OBJC_LITERAL_CONVERSION = YES;
				CLANG_WARN_OBJC_ROOT_CLASS = YES_ERROR;
				CLANG_WARN_RANGE_LOOP_ANALYSIS = YES;
				CLANG_WARN_STRICT_PROTOTYPES = YES;
				CLANG_WARN_SUSPICIOUS_MOVE = YES;
				CLANG_WARN_UNGUARDED_AVAILABILITY = YES_AGGRESSIVE;
				CLANG_WARN_UNREACHABLE_CODE = YES;
				CLANG_WARN__DUPLICATE_METHOD_MATCH = YES;
				CODE_SIGN_IDENTITY = "iPhone Developer";
				COPY_PHASE_STRIP = NO;
				DEBUG_INFORMATION_FORMAT = "dwarf-with-dsym";
				ENABLE_NS_ASSERTIONS = NO;
				ENABLE_STRICT_OBJC_MSGSEND = YES;
				GCC_C_LANGUAGE_STANDARD = gnu11;
				GCC_NO_COMMON_BLOCKS = YES;
				GCC_WARN_64_TO_32_BIT_CONVERSION = YES;
				GCC_WARN_ABOUT_RETURN_TYPE = YES_ERROR;
				GCC_WARN_UNDECLARED_SELECTOR = YES;
				GCC_WARN_UNINITIALIZED_AUTOS = YES_AGGRESSIVE;
				GCC_WARN_UNUSED_FUNCTION = YES;
				GCC_WARN_UNUSED_VARIABLE = YES;
				IPHONEOS_DEPLOYMENT_TARGET = 11.1;
				MTL_ENABLE_DEBUG_INFO = NO;
				SDKROOT = iphoneos;
				VALIDATE_PRODUCT = YES;
			};
			name = Release;
		};
		45244573202D71A0000004C4 /* Debug */ = {
			isa = XCBuildConfiguration;
			buildSettings = {
				ASSETCATALOG_COMPILER_APPICON_NAME = AppIcon;
				CODE_SIGN_STYLE = Automatic;
				DEVELOPMENT_TEAM = LXTMZWPQ5S;
				INFOPLIST_FILE = TableViewSectionIndexChangeCallback/Info.plist;
				IPHONEOS_DEPLOYMENT_TARGET = 8.0;
				LD_RUNPATH_SEARCH_PATHS = "$(inherited) @executable_path/Frameworks";
				PRODUCT_BUNDLE_IDENTIFIER = com.pcbdoor.TableViewSectionIndexChangeCallback;
				PRODUCT_NAME = "$(TARGET_NAME)";
				TARGETED_DEVICE_FAMILY = "1,2";
			};
			name = Debug;
		};
		45244574202D71A0000004C4 /* Release */ = {
			isa = XCBuildConfiguration;
			buildSettings = {
				ASSETCATALOG_COMPILER_APPICON_NAME = AppIcon;
				CODE_SIGN_STYLE = Automatic;
				DEVELOPMENT_TEAM = LXTMZWPQ5S;
				INFOPLIST_FILE = TableViewSectionIndexChangeCallback/Info.plist;
				IPHONEOS_DEPLOYMENT_TARGET = 8.0;
				LD_RUNPATH_SEARCH_PATHS = "$(inherited) @executable_path/Frameworks";
				PRODUCT_BUNDLE_IDENTIFIER = com.pcbdoor.TableViewSectionIndexChangeCallback;
				PRODUCT_NAME = "$(TARGET_NAME)";
				TARGETED_DEVICE_FAMILY = "1,2";
			};
			name = Release;
		};
/* End XCBuildConfiguration section */

/* Begin XCConfigurationList section */
		45244557202D71A0000004C4 /* Build configuration list for PBXProject "TableViewSectionIndexChangeCallback" */ = {
			isa = XCConfigurationList;
			buildConfigurations = (
				45244570202D71A0000004C4 /* Debug */,
				45244571202D71A0000004C4 /* Release */,
			);
			defaultConfigurationIsVisible = 0;
			defaultConfigurationName = Release;
		};
		45244572202D71A0000004C4 /* Build configuration list for PBXNativeTarget "TableViewSectionIndexChangeCallback" */ = {
			isa = XCConfigurationList;
			buildConfigurations = (
				45244573202D71A0000004C4 /* Debug */,
				45244574202D71A0000004C4 /* Release */,
			);
			defaultConfigurationIsVisible = 0;
			defaultConfigurationName = Release;
		};
/* End XCConfigurationList section */
	};
	rootObject = 45244554202D71A0000004C4 /* Project object */;
}
